
Microsoft Visual Studio Solution File, Format Version 12.00
# Visual Studio Version 17
VisualStudioVersion = 17.9.34728.123
MinimumVisualStudioVersion = 10.0.40219.1
Project("{FAE04EC0-301F-11D3-BF4B-00C04F79EFBC}") = "Task 1", "Homework 5\Task 1.csproj", "{8C5CC868-97D4-4541-BA7C-6911898D9C91}"
EndProject
Project("{FAE04EC0-301F-11D3-BF4B-00C04F79EFBC}") = "Task 2", "Task 2\Task 2.csproj", "{CB611946-D4BE-4449-A0CE-D53E84028D64}"
EndProject
Project("{FAE04EC0-301F-11D3-BF4B-00C04F79EFBC}") = "Task 3", "Task 3\Task 3.csproj", "{667AF8C5-9FD6-4E74-BBAF-D0C02902F15B}"
EndProject
Project("{FAE04EC0-301F-11D3-BF4B-00C04F79EFBC}") = "Task 4", "Task 4\Task 4.csproj", "{6822A318-BA5F-4C21-A67B-BC0BEA562199}"
EndProject
Project("{FAE04EC0-301F-11D3-BF4B-00C04F79EFBC}") = "Task 5", "Task 5\Task 5.csproj", "{CDCAD09C-99F1-4BF7-A1E3-9D59643361C8}"
EndProject
Project("{FAE04EC0-301F-11D3-BF4B-00C04F79EFBC}") = "Task 6", "Task 6\Task 6.csproj", "{50D41C60-2F41-40BF-AF3C-149C1DF5B419}"
EndProject
Project("{FAE04EC0-301F-11D3-BF4B-00C04F79EFBC}") = "Task 7", "Task 7\Task 7.csproj", "{15C3A288-663B-434B-8582-C35D225596A3}"
EndProject
Project("{FAE04EC0-301F-11D3-BF4B-00C04F79EFBC}") = "Task 8", "Task 8\Task 8.csproj", "{E196EE39-05FA-4810-BE20-01868C665D80}"
EndProject
Project("{FAE04EC0-301F-11D3-BF4B-00C04F79EFBC}") = "Task 9", "Task 9\Task 9.csproj", "{BAA1BE3A-82CE-4E5D-86F7-948AB0C7F200}"
EndProject
Project("{FAE04EC0-301F-11D3-BF4B-00C04F79EFBC}") = "Task 10", "Task 10\Task 10.csproj", "{9A1E22CA-0D91-4458-B8A8-60A51A1DCD94}"
EndProject
Project("{FAE04EC0-301F-11D3-BF4B-00C04F79EFBC}") = "Task 11", "Task 11\Task 11.csproj", "{6CEE831B-AAD4-48D5-A17E-24957D313C16}"
EndProject
Project("{FAE04EC0-301F-11D3-BF4B-00C04F79EFBC}") = "Task 13", "Task 13\Task 13.csproj", "{2B1483F1-B2EF-435B-9FEB-45C2327ACE3C}"
EndProject
Project("{FAE04EC0-301F-11D3-BF4B-00C04F79EFBC}") = "Task 12", "Task 12\Task 12.csproj", "{FF3CF78B-3D63-4E85-9BC9-6D21072E6543}"
EndProject
Project("{FAE04EC0-301F-11D3-BF4B-00C04F79EFBC}") = "Task 14", "Task 14\Task 14.csproj", "{093B67F2-F392-4077-9770-F1BA09B0A931}"
EndProject
Global
	GlobalSection(SolutionConfigurationPlatforms) = preSolution
		Debug|Any CPU = Debug|Any CPU
		Release|Any CPU = Release|Any CPU
	EndGlobalSection
	GlobalSection(ProjectConfigurationPlatforms) = postSolution
		{8C5CC868-97D4-4541-BA7C-6911898D9C91}.Debug|Any CPU.ActiveCfg = Debug|Any CPU
		{8C5CC868-97D4-4541-BA7C-6911898D9C91}.Debug|Any CPU.Build.0 = Debug|Any CPU
		{8C5CC868-97D4-4541-BA7C-6911898D9C91}.Release|Any CPU.ActiveCfg = Release|Any CPU
		{8C5CC868-97D4-4541-BA7C-6911898D9C91}.Release|Any CPU.Build.0 = Release|Any CPU
		{CB611946-D4BE-4449-A0CE-D53E84028D64}.Debug|Any CPU.ActiveCfg = Debug|Any CPU
		{CB611946-D4BE-4449-A0CE-D53E84028D64}.Debug|Any CPU.Build.0 = Debug|Any CPU
		{CB611946-D4BE-4449-A0CE-D53E84028D64}.Release|Any CPU.ActiveCfg = Release|Any CPU
		{CB611946-D4BE-4449-A0CE-D53E84028D64}.Release|Any CPU.Build.0 = Release|Any CPU
		{667AF8C5-9FD6-4E74-BBAF-D0C02902F15B}.Debug|Any CPU.ActiveCfg = Debug|Any CPU
		{667AF8C5-9FD6-4E74-BBAF-D0C02902F15B}.Debug|Any CPU.Build.0 = Debug|Any CPU
		{667AF8C5-9FD6-4E74-BBAF-D0C02902F15B}.Release|Any CPU.ActiveCfg = Release|Any CPU
		{667AF8C5-9FD6-4E74-BBAF-D0C02902F15B}.Release|Any CPU.Build.0 = Release|Any CPU
		{6822A318-BA5F-4C21-A67B-BC0BEA562199}.Debug|Any CPU.ActiveCfg = Debug|Any CPU
		{6822A318-BA5F-4C21-A67B-BC0BEA562199}.Debug|Any CPU.Build.0 = Debug|Any CPU
		{6822A318-BA5F-4C21-A67B-BC0BEA562199}.Release|Any CPU.ActiveCfg = Release|Any CPU
		{6822A318-BA5F-4C21-A67B-BC0BEA562199}.Release|Any CPU.Build.0 = Release|Any CPU
		{CDCAD09C-99F1-4BF7-A1E3-9D59643361C8}.Debug|Any CPU.ActiveCfg = Debug|Any CPU
		{CDCAD09C-99F1-4BF7-A1E3-9D59643361C8}.Debug|Any CPU.Build.0 = Debug|Any CPU
		{CDCAD09C-99F1-4BF7-A1E3-9D59643361C8}.Release|Any CPU.ActiveCfg = Release|Any CPU
		{CDCAD09C-99F1-4BF7-A1E3-9D59643361C8}.Release|Any CPU.Build.0 = Release|Any CPU
		{50D41C60-2F41-40BF-AF3C-149C1DF5B419}.Debug|Any CPU.ActiveCfg = Debug|Any CPU
		{50D41C60-2F41-40BF-AF3C-149C1DF5B419}.Debug|Any CPU.Build.0 = Debug|Any CPU
		{50D41C60-2F41-40BF-AF3C-149C1DF5B419}.Release|Any CPU.ActiveCfg = Release|Any CPU
		{50D41C60-2F41-40BF-AF3C-149C1DF5B419}.Release|Any CPU.Build.0 = Release|Any CPU
		{15C3A288-663B-434B-8582-C35D225596A3}.Debug|Any CPU.ActiveCfg = Debug|Any CPU
		{15C3A288-663B-434B-8582-C35D225596A3}.Debug|Any CPU.Build.0 = Debug|Any CPU
		{15C3A288-663B-434B-8582-C35D225596A3}.Release|Any CPU.ActiveCfg = Release|Any CPU
		{15C3A288-663B-434B-8582-C35D225596A3}.Release|Any CPU.Build.0 = Release|Any CPU
		{E196EE39-05FA-4810-BE20-01868C665D80}.Debug|Any CPU.ActiveCfg = Debug|Any CPU
		{E196EE39-05FA-4810-BE20-01868C665D80}.Debug|Any CPU.Build.0 = Debug|Any CPU
		{E196EE39-05FA-4810-BE20-01868C665D80}.Release|Any CPU.ActiveCfg = Release|Any CPU
		{E196EE39-05FA-4810-BE20-01868C665D80}.Release|Any CPU.Build.0 = Release|Any CPU
		{BAA1BE3A-82CE-4E5D-86F7-948AB0C7F200}.Debug|Any CPU.ActiveCfg = Debug|Any CPU
		{BAA1BE3A-82CE-4E5D-86F7-948AB0C7F200}.Debug|Any CPU.Build.0 = Debug|Any CPU
		{BAA1BE3A-82CE-4E5D-86F7-948AB0C7F200}.Release|Any CPU.ActiveCfg = Release|Any CPU
		{BAA1BE3A-82CE-4E5D-86F7-948AB0C7F200}.Release|Any CPU.Build.0 = Release|Any CPU
		{9A1E22CA-0D91-4458-B8A8-60A51A1DCD94}.Debug|Any CPU.ActiveCfg = Debug|Any CPU
		{9A1E22CA-0D91-4458-B8A8-60A51A1DCD94}.Debug|Any CPU.Build.0 = Debug|Any CPU
		{9A1E22CA-0D91-4458-B8A8-60A51A1DCD94}.Release|Any CPU.ActiveCfg = Release|Any CPU
		{9A1E22CA-0D91-4458-B8A8-60A51A1DCD94}.Release|Any CPU.Build.0 = Release|Any CPU
		{6CEE831B-AAD4-48D5-A17E-24957D313C16}.Debug|Any CPU.ActiveCfg = Debug|Any CPU
		{6CEE831B-AAD4-48D5-A17E-24957D313C16}.Debug|Any CPU.Build.0 = Debug|Any CPU
		{6CEE831B-AAD4-48D5-A17E-24957D313C16}.Release|Any CPU.ActiveCfg = Release|Any CPU
		{6CEE831B-AAD4-48D5-A17E-24957D313C16}.Release|Any CPU.Build.0 = Release|Any CPU
		{2B1483F1-B2EF-435B-9FEB-45C2327ACE3C}.Debug|Any CPU.ActiveCfg = Debug|Any CPU
		{2B1483F1-B2EF-435B-9FEB-45C2327ACE3C}.Debug|Any CPU.Build.0 = Debug|Any CPU
		{2B1483F1-B2EF-435B-9FEB-45C2327ACE3C}.Release|Any CPU.ActiveCfg = Release|Any CPU
		{2B1483F1-B2EF-435B-9FEB-45C2327ACE3C}.Release|Any CPU.Build.0 = Release|Any CPU
		{FF3CF78B-3D63-4E85-9BC9-6D21072E6543}.Debug|Any CPU.ActiveCfg = Debug|Any CPU
		{FF3CF78B-3D63-4E85-9BC9-6D21072E6543}.Debug|Any CPU.Build.0 = Debug|Any CPU
		{FF3CF78B-3D63-4E85-9BC9-6D21072E6543}.Release|Any CPU.ActiveCfg = Release|Any CPU
		{FF3CF78B-3D63-4E85-9BC9-6D21072E6543}.Release|Any CPU.Build.0 = Release|Any CPU
		{093B67F2-F392-4077-9770-F1BA09B0A931}.Debug|Any CPU.ActiveCfg = Debug|Any CPU
		{093B67F2-F392-4077-9770-F1BA09B0A931}.Debug|Any CPU.Build.0 = Debug|Any CPU
		{093B67F2-F392-4077-9770-F1BA09B0A931}.Release|Any CPU.ActiveCfg = Release|Any CPU
		{093B67F2-F392-4077-9770-F1BA09B0A931}.Release|Any CPU.Build.0 = Release|Any CPU
	EndGlobalSection
	GlobalSection(SolutionProperties) = preSolution
		HideSolutionNode = FALSE
	EndGlobalSection
	GlobalSection(ExtensibilityGlobals) = postSolution
		SolutionGuid = {37D0B124-384F-4CDC-9E23-368CEA4F1285}
	EndGlobalSection
EndGlobal
