
Microsoft Visual Studio Solution File, Format Version 12.00
# Visual Studio Version 17
VisualStudioVersion = 17.10.35027.167
MinimumVisualStudioVersion = 10.0.40219.1
Project("{FAE04EC0-301F-11D3-BF4B-00C04F79EFBC}") = "Ex1", "Ex1\Ex1.csproj", "{449F6044-B376-41A7-AD22-967831CF21EC}"
EndProject
Project("{FAE04EC0-301F-11D3-BF4B-00C04F79EFBC}") = "Ex2", "Ex2\Ex2.csproj", "{B3645F28-30E7-4FB2-82F9-4D1218FAF669}"
EndProject
Project("{FAE04EC0-301F-11D3-BF4B-00C04F79EFBC}") = "Ex3", "Ex3\Ex3.csproj", "{7BD3B3CB-8271-486F-98D5-B6FF7E13CA9C}"
EndProject
Project("{FAE04EC0-301F-11D3-BF4B-00C04F79EFBC}") = "Ex4", "Ex4\Ex4.csproj", "{B195C725-B59A-4F4A-84FD-A574905D3B0A}"
EndProject
Project("{FAE04EC0-301F-11D3-BF4B-00C04F79EFBC}") = "Ex5", "Ex5\Ex5.csproj", "{2E8898C0-9FF3-4BDF-8A32-E20564960203}"
EndProject
Project("{FAE04EC0-301F-11D3-BF4B-00C04F79EFBC}") = "Ex6", "Ex6\Ex6.csproj", "{4E4505F6-DBAB-40B8-BEE7-631C072D06E9}"
EndProject
Project("{FAE04EC0-301F-11D3-BF4B-00C04F79EFBC}") = "Ex7", "Ex7\Ex7.csproj", "{06C77517-6D1A-48AE-B907-F04F688E89B6}"
EndProject
Project("{FAE04EC0-301F-11D3-BF4B-00C04F79EFBC}") = "Ex8", "Ex8\Ex8.csproj", "{9B32A65D-179C-4EE0-9FED-8BDB82EE346B}"
EndProject
Project("{FAE04EC0-301F-11D3-BF4B-00C04F79EFBC}") = "Ex9", "Ex9\Ex9.csproj", "{F3B09198-6DC6-4C99-A4D6-D98C2CB5E67E}"
EndProject
Project("{FAE04EC0-301F-11D3-BF4B-00C04F79EFBC}") = "Ex10", "Ex10\Ex10.csproj", "{984901F4-55B1-4F57-BA40-630A60105B71}"
EndProject
Project("{FAE04EC0-301F-11D3-BF4B-00C04F79EFBC}") = "Ex11", "Ex11\Ex11.csproj", "{C4404AFF-0B89-4194-86AE-ADDEFE2EC238}"
EndProject
Project("{FAE04EC0-301F-11D3-BF4B-00C04F79EFBC}") = "Ex12", "Ex12\Ex12.csproj", "{C71E7B8E-E21C-4E78-9014-B63EF6AFFDE9}"
EndProject
Project("{FAE04EC0-301F-11D3-BF4B-00C04F79EFBC}") = "Ex13", "Ex13\Ex13.csproj", "{4124D515-0299-41D3-B41E-1034128460B9}"
EndProject
Project("{FAE04EC0-301F-11D3-BF4B-00C04F79EFBC}") = "Ex14", "Ex14\Ex14.csproj", "{357B164C-025D-4CEB-AF8B-948161C2743E}"
EndProject
Project("{FAE04EC0-301F-11D3-BF4B-00C04F79EFBC}") = "Ex15", "Ex15\Ex15.csproj", "{C6757229-7311-43F0-91E5-BB9008F0D8CC}"
EndProject
Project("{FAE04EC0-301F-11D3-BF4B-00C04F79EFBC}") = "Ex16", "Ex16\Ex16.csproj", "{36D63ABC-0C9E-4227-A9C9-A3D896244921}"
EndProject
Project("{FAE04EC0-301F-11D3-BF4B-00C04F79EFBC}") = "Ex17", "Ex17\Ex17.csproj", "{F3F34A26-B7F8-4B1F-8C68-143DD2F71F03}"
EndProject
Project("{FAE04EC0-301F-11D3-BF4B-00C04F79EFBC}") = "Ex18", "Ex18\Ex18.csproj", "{9432CC14-B6DF-4DBC-9453-9462128C6165}"
EndProject
Global
	GlobalSection(SolutionConfigurationPlatforms) = preSolution
		Debug|Any CPU = Debug|Any CPU
		Release|Any CPU = Release|Any CPU
	EndGlobalSection
	GlobalSection(ProjectConfigurationPlatforms) = postSolution
		{449F6044-B376-41A7-AD22-967831CF21EC}.Debug|Any CPU.ActiveCfg = Debug|Any CPU
		{449F6044-B376-41A7-AD22-967831CF21EC}.Debug|Any CPU.Build.0 = Debug|Any CPU
		{449F6044-B376-41A7-AD22-967831CF21EC}.Release|Any CPU.ActiveCfg = Release|Any CPU
		{449F6044-B376-41A7-AD22-967831CF21EC}.Release|Any CPU.Build.0 = Release|Any CPU
		{B3645F28-30E7-4FB2-82F9-4D1218FAF669}.Debug|Any CPU.ActiveCfg = Debug|Any CPU
		{B3645F28-30E7-4FB2-82F9-4D1218FAF669}.Debug|Any CPU.Build.0 = Debug|Any CPU
		{B3645F28-30E7-4FB2-82F9-4D1218FAF669}.Release|Any CPU.ActiveCfg = Release|Any CPU
		{B3645F28-30E7-4FB2-82F9-4D1218FAF669}.Release|Any CPU.Build.0 = Release|Any CPU
		{7BD3B3CB-8271-486F-98D5-B6FF7E13CA9C}.Debug|Any CPU.ActiveCfg = Debug|Any CPU
		{7BD3B3CB-8271-486F-98D5-B6FF7E13CA9C}.Debug|Any CPU.Build.0 = Debug|Any CPU
		{7BD3B3CB-8271-486F-98D5-B6FF7E13CA9C}.Release|Any CPU.ActiveCfg = Release|Any CPU
		{7BD3B3CB-8271-486F-98D5-B6FF7E13CA9C}.Release|Any CPU.Build.0 = Release|Any CPU
		{B195C725-B59A-4F4A-84FD-A574905D3B0A}.Debug|Any CPU.ActiveCfg = Debug|Any CPU
		{B195C725-B59A-4F4A-84FD-A574905D3B0A}.Debug|Any CPU.Build.0 = Debug|Any CPU
		{B195C725-B59A-4F4A-84FD-A574905D3B0A}.Release|Any CPU.ActiveCfg = Release|Any CPU
		{B195C725-B59A-4F4A-84FD-A574905D3B0A}.Release|Any CPU.Build.0 = Release|Any CPU
		{2E8898C0-9FF3-4BDF-8A32-E20564960203}.Debug|Any CPU.ActiveCfg = Debug|Any CPU
		{2E8898C0-9FF3-4BDF-8A32-E20564960203}.Debug|Any CPU.Build.0 = Debug|Any CPU
		{2E8898C0-9FF3-4BDF-8A32-E20564960203}.Release|Any CPU.ActiveCfg = Release|Any CPU
		{2E8898C0-9FF3-4BDF-8A32-E20564960203}.Release|Any CPU.Build.0 = Release|Any CPU
		{4E4505F6-DBAB-40B8-BEE7-631C072D06E9}.Debug|Any CPU.ActiveCfg = Debug|Any CPU
		{4E4505F6-DBAB-40B8-BEE7-631C072D06E9}.Debug|Any CPU.Build.0 = Debug|Any CPU
		{4E4505F6-DBAB-40B8-BEE7-631C072D06E9}.Release|Any CPU.ActiveCfg = Release|Any CPU
		{4E4505F6-DBAB-40B8-BEE7-631C072D06E9}.Release|Any CPU.Build.0 = Release|Any CPU
		{06C77517-6D1A-48AE-B907-F04F688E89B6}.Debug|Any CPU.ActiveCfg = Debug|Any CPU
		{06C77517-6D1A-48AE-B907-F04F688E89B6}.Debug|Any CPU.Build.0 = Debug|Any CPU
		{06C77517-6D1A-48AE-B907-F04F688E89B6}.Release|Any CPU.ActiveCfg = Release|Any CPU
		{06C77517-6D1A-48AE-B907-F04F688E89B6}.Release|Any CPU.Build.0 = Release|Any CPU
		{9B32A65D-179C-4EE0-9FED-8BDB82EE346B}.Debug|Any CPU.ActiveCfg = Debug|Any CPU
		{9B32A65D-179C-4EE0-9FED-8BDB82EE346B}.Debug|Any CPU.Build.0 = Debug|Any CPU
		{9B32A65D-179C-4EE0-9FED-8BDB82EE346B}.Release|Any CPU.ActiveCfg = Release|Any CPU
		{9B32A65D-179C-4EE0-9FED-8BDB82EE346B}.Release|Any CPU.Build.0 = Release|Any CPU
		{F3B09198-6DC6-4C99-A4D6-D98C2CB5E67E}.Debug|Any CPU.ActiveCfg = Debug|Any CPU
		{F3B09198-6DC6-4C99-A4D6-D98C2CB5E67E}.Debug|Any CPU.Build.0 = Debug|Any CPU
		{F3B09198-6DC6-4C99-A4D6-D98C2CB5E67E}.Release|Any CPU.ActiveCfg = Release|Any CPU
		{F3B09198-6DC6-4C99-A4D6-D98C2CB5E67E}.Release|Any CPU.Build.0 = Release|Any CPU
		{984901F4-55B1-4F57-BA40-630A60105B71}.Debug|Any CPU.ActiveCfg = Debug|Any CPU
		{984901F4-55B1-4F57-BA40-630A60105B71}.Debug|Any CPU.Build.0 = Debug|Any CPU
		{984901F4-55B1-4F57-BA40-630A60105B71}.Release|Any CPU.ActiveCfg = Release|Any CPU
		{984901F4-55B1-4F57-BA40-630A60105B71}.Release|Any CPU.Build.0 = Release|Any CPU
		{C4404AFF-0B89-4194-86AE-ADDEFE2EC238}.Debug|Any CPU.ActiveCfg = Debug|Any CPU
		{C4404AFF-0B89-4194-86AE-ADDEFE2EC238}.Debug|Any CPU.Build.0 = Debug|Any CPU
		{C4404AFF-0B89-4194-86AE-ADDEFE2EC238}.Release|Any CPU.ActiveCfg = Release|Any CPU
		{C4404AFF-0B89-4194-86AE-ADDEFE2EC238}.Release|Any CPU.Build.0 = Release|Any CPU
		{C71E7B8E-E21C-4E78-9014-B63EF6AFFDE9}.Debug|Any CPU.ActiveCfg = Debug|Any CPU
		{C71E7B8E-E21C-4E78-9014-B63EF6AFFDE9}.Debug|Any CPU.Build.0 = Debug|Any CPU
		{C71E7B8E-E21C-4E78-9014-B63EF6AFFDE9}.Release|Any CPU.ActiveCfg = Release|Any CPU
		{C71E7B8E-E21C-4E78-9014-B63EF6AFFDE9}.Release|Any CPU.Build.0 = Release|Any CPU
		{4124D515-0299-41D3-B41E-1034128460B9}.Debug|Any CPU.ActiveCfg = Debug|Any CPU
		{4124D515-0299-41D3-B41E-1034128460B9}.Debug|Any CPU.Build.0 = Debug|Any CPU
		{4124D515-0299-41D3-B41E-1034128460B9}.Release|Any CPU.ActiveCfg = Release|Any CPU
		{4124D515-0299-41D3-B41E-1034128460B9}.Release|Any CPU.Build.0 = Release|Any CPU
		{357B164C-025D-4CEB-AF8B-948161C2743E}.Debug|Any CPU.ActiveCfg = Debug|Any CPU
		{357B164C-025D-4CEB-AF8B-948161C2743E}.Debug|Any CPU.Build.0 = Debug|Any CPU
		{357B164C-025D-4CEB-AF8B-948161C2743E}.Release|Any CPU.ActiveCfg = Release|Any CPU
		{357B164C-025D-4CEB-AF8B-948161C2743E}.Release|Any CPU.Build.0 = Release|Any CPU
		{C6757229-7311-43F0-91E5-BB9008F0D8CC}.Debug|Any CPU.ActiveCfg = Debug|Any CPU
		{C6757229-7311-43F0-91E5-BB9008F0D8CC}.Debug|Any CPU.Build.0 = Debug|Any CPU
		{C6757229-7311-43F0-91E5-BB9008F0D8CC}.Release|Any CPU.ActiveCfg = Release|Any CPU
		{C6757229-7311-43F0-91E5-BB9008F0D8CC}.Release|Any CPU.Build.0 = Release|Any CPU
		{36D63ABC-0C9E-4227-A9C9-A3D896244921}.Debug|Any CPU.ActiveCfg = Debug|Any CPU
		{36D63ABC-0C9E-4227-A9C9-A3D896244921}.Debug|Any CPU.Build.0 = Debug|Any CPU
		{36D63ABC-0C9E-4227-A9C9-A3D896244921}.Release|Any CPU.ActiveCfg = Release|Any CPU
		{36D63ABC-0C9E-4227-A9C9-A3D896244921}.Release|Any CPU.Build.0 = Release|Any CPU
		{F3F34A26-B7F8-4B1F-8C68-143DD2F71F03}.Debug|Any CPU.ActiveCfg = Debug|Any CPU
		{F3F34A26-B7F8-4B1F-8C68-143DD2F71F03}.Debug|Any CPU.Build.0 = Debug|Any CPU
		{F3F34A26-B7F8-4B1F-8C68-143DD2F71F03}.Release|Any CPU.ActiveCfg = Release|Any CPU
		{F3F34A26-B7F8-4B1F-8C68-143DD2F71F03}.Release|Any CPU.Build.0 = Release|Any CPU
		{9432CC14-B6DF-4DBC-9453-9462128C6165}.Debug|Any CPU.ActiveCfg = Debug|Any CPU
		{9432CC14-B6DF-4DBC-9453-9462128C6165}.Debug|Any CPU.Build.0 = Debug|Any CPU
		{9432CC14-B6DF-4DBC-9453-9462128C6165}.Release|Any CPU.ActiveCfg = Release|Any CPU
		{9432CC14-B6DF-4DBC-9453-9462128C6165}.Release|Any CPU.Build.0 = Release|Any CPU
	EndGlobalSection
	GlobalSection(SolutionProperties) = preSolution
		HideSolutionNode = FALSE
	EndGlobalSection
	GlobalSection(ExtensibilityGlobals) = postSolution
		SolutionGuid = {00256560-F210-4B2C-95CC-A1B038AB1431}
	EndGlobalSection
EndGlobal
