
Microsoft Visual Studio Solution File, Format Version 12.00
# Visual Studio Version 17
VisualStudioVersion = 17.9.34728.123
MinimumVisualStudioVersion = 10.0.40219.1
Project("{9A19103F-16F7-4668-BE54-9A1E7A4F7556}") = "Ex1", "Homework 6\Ex1.csproj", "{A14A8883-993B-4FC1-882B-7C854EAF950C}"
EndProject
Project("{9A19103F-16F7-4668-BE54-9A1E7A4F7556}") = "Ex2", "Ex2\Ex2.csproj", "{8F47C789-3676-4179-9A97-0C56A497C300}"
EndProject
Project("{9A19103F-16F7-4668-BE54-9A1E7A4F7556}") = "Ex3", "Ex3\Ex3.csproj", "{5B393A0E-CC2B-49DE-B0C8-EB7FC1E857A1}"
EndProject
Project("{9A19103F-16F7-4668-BE54-9A1E7A4F7556}") = "Ex4", "Ex4\Ex4.csproj", "{5317FA34-B07F-443F-8EED-A887F0683401}"
EndProject
Project("{9A19103F-16F7-4668-BE54-9A1E7A4F7556}") = "Ex5", "Ex5\Ex5.csproj", "{868726D5-AE49-4481-9FE7-AB12F5EBFA42}"
EndProject
Project("{9A19103F-16F7-4668-BE54-9A1E7A4F7556}") = "Ex6", "Ex6\Ex6.csproj", "{90C0512A-5674-4310-B936-0E0EF8BDA54D}"
EndProject
Project("{9A19103F-16F7-4668-BE54-9A1E7A4F7556}") = "Ex7", "Ex7\Ex7.csproj", "{DA353B16-7902-43CB-8C4A-C30F47FDB5C6}"
EndProject
Project("{9A19103F-16F7-4668-BE54-9A1E7A4F7556}") = "Ex8", "Ex8\Ex8.csproj", "{0E33D36C-2D85-4F94-8D1F-04ED558F7B19}"
EndProject
Project("{9A19103F-16F7-4668-BE54-9A1E7A4F7556}") = "Ex9", "Ex9\Ex9.csproj", "{478FF77B-F217-4C92-BEE1-F38A3099DE74}"
EndProject
Project("{9A19103F-16F7-4668-BE54-9A1E7A4F7556}") = "Ex10", "Ex10\Ex10.csproj", "{1E7898FC-90BD-4A2A-AC82-3F11F4DCB1E3}"
EndProject
Project("{9A19103F-16F7-4668-BE54-9A1E7A4F7556}") = "Ex11", "Ex11\Ex11.csproj", "{90406EA7-D712-4BB7-AC5A-2FA975B1EC85}"
EndProject
Project("{9A19103F-16F7-4668-BE54-9A1E7A4F7556}") = "Ex12", "Ex12\Ex12.csproj", "{9822A1BA-F911-41A3-8280-C89CD253951A}"
EndProject
Project("{9A19103F-16F7-4668-BE54-9A1E7A4F7556}") = "Ex13", "Ex13\Ex13.csproj", "{CA43D2FF-154D-48E2-B3E0-33109E3B328D}"
EndProject
Project("{9A19103F-16F7-4668-BE54-9A1E7A4F7556}") = "Ex14", "Ex14\Ex14.csproj", "{BBE014CE-E62C-4FDF-B705-930BA02412AB}"
EndProject
Project("{9A19103F-16F7-4668-BE54-9A1E7A4F7556}") = "Ex15", "Ex15\Ex15.csproj", "{E52AFB93-7B8E-48CA-9859-E52DFAED4BC0}"
EndProject
Project("{9A19103F-16F7-4668-BE54-9A1E7A4F7556}") = "Ex16", "Ex16\Ex16.csproj", "{DC0A29E4-A5CE-4AD9-9401-8F28CD3236C4}"
EndProject
Project("{9A19103F-16F7-4668-BE54-9A1E7A4F7556}") = "Ex17", "Ex17\Ex17.csproj", "{30F588A1-C938-430C-819E-CE6D12280291}"
EndProject
Project("{9A19103F-16F7-4668-BE54-9A1E7A4F7556}") = "Ex18", "Ex18\Ex18.csproj", "{6B5537FB-1298-4B2F-ABCB-AA347660D960}"
EndProject
Project("{9A19103F-16F7-4668-BE54-9A1E7A4F7556}") = "Ex19", "Ex19\Ex19.csproj", "{38F29F45-A93E-4BD2-89CD-A87E9C49352A}"
EndProject
Project("{9A19103F-16F7-4668-BE54-9A1E7A4F7556}") = "Ex20", "Ex20\Ex20.csproj", "{84CC43C1-0CD0-480E-A630-0D144369F774}"
EndProject
Project("{FAE04EC0-301F-11D3-BF4B-00C04F79EFBC}") = "Ex21", "Ex21\Ex21.csproj", "{A2C9C6E7-922F-4905-B309-7E47DF54C10A}"
EndProject
Project("{FAE04EC0-301F-11D3-BF4B-00C04F79EFBC}") = "Ex22", "Ex22\Ex22.csproj", "{8393185D-0CB0-4D3F-8E75-1318A4F8D771}"
EndProject
Project("{FAE04EC0-301F-11D3-BF4B-00C04F79EFBC}") = "Ex23", "Ex23\Ex23.csproj", "{E5B5C00E-5B63-47DE-AB16-8E3491006DB6}"
EndProject
Project("{FAE04EC0-301F-11D3-BF4B-00C04F79EFBC}") = "Ex24", "Ex24\Ex24.csproj", "{2EA905D4-0AD7-481D-9595-81A5BF9B45E3}"
EndProject
Global
	GlobalSection(SolutionConfigurationPlatforms) = preSolution
		Debug|Any CPU = Debug|Any CPU
		Release|Any CPU = Release|Any CPU
	EndGlobalSection
	GlobalSection(ProjectConfigurationPlatforms) = postSolution
		{A14A8883-993B-4FC1-882B-7C854EAF950C}.Debug|Any CPU.ActiveCfg = Debug|Any CPU
		{A14A8883-993B-4FC1-882B-7C854EAF950C}.Debug|Any CPU.Build.0 = Debug|Any CPU
		{A14A8883-993B-4FC1-882B-7C854EAF950C}.Release|Any CPU.ActiveCfg = Release|Any CPU
		{A14A8883-993B-4FC1-882B-7C854EAF950C}.Release|Any CPU.Build.0 = Release|Any CPU
		{8F47C789-3676-4179-9A97-0C56A497C300}.Debug|Any CPU.ActiveCfg = Debug|Any CPU
		{8F47C789-3676-4179-9A97-0C56A497C300}.Debug|Any CPU.Build.0 = Debug|Any CPU
		{8F47C789-3676-4179-9A97-0C56A497C300}.Release|Any CPU.ActiveCfg = Release|Any CPU
		{8F47C789-3676-4179-9A97-0C56A497C300}.Release|Any CPU.Build.0 = Release|Any CPU
		{5B393A0E-CC2B-49DE-B0C8-EB7FC1E857A1}.Debug|Any CPU.ActiveCfg = Debug|Any CPU
		{5B393A0E-CC2B-49DE-B0C8-EB7FC1E857A1}.Debug|Any CPU.Build.0 = Debug|Any CPU
		{5B393A0E-CC2B-49DE-B0C8-EB7FC1E857A1}.Release|Any CPU.ActiveCfg = Release|Any CPU
		{5B393A0E-CC2B-49DE-B0C8-EB7FC1E857A1}.Release|Any CPU.Build.0 = Release|Any CPU
		{5317FA34-B07F-443F-8EED-A887F0683401}.Debug|Any CPU.ActiveCfg = Debug|Any CPU
		{5317FA34-B07F-443F-8EED-A887F0683401}.Debug|Any CPU.Build.0 = Debug|Any CPU
		{5317FA34-B07F-443F-8EED-A887F0683401}.Release|Any CPU.ActiveCfg = Release|Any CPU
		{5317FA34-B07F-443F-8EED-A887F0683401}.Release|Any CPU.Build.0 = Release|Any CPU
		{868726D5-AE49-4481-9FE7-AB12F5EBFA42}.Debug|Any CPU.ActiveCfg = Debug|Any CPU
		{868726D5-AE49-4481-9FE7-AB12F5EBFA42}.Debug|Any CPU.Build.0 = Debug|Any CPU
		{868726D5-AE49-4481-9FE7-AB12F5EBFA42}.Release|Any CPU.ActiveCfg = Release|Any CPU
		{868726D5-AE49-4481-9FE7-AB12F5EBFA42}.Release|Any CPU.Build.0 = Release|Any CPU
		{90C0512A-5674-4310-B936-0E0EF8BDA54D}.Debug|Any CPU.ActiveCfg = Debug|Any CPU
		{90C0512A-5674-4310-B936-0E0EF8BDA54D}.Debug|Any CPU.Build.0 = Debug|Any CPU
		{90C0512A-5674-4310-B936-0E0EF8BDA54D}.Release|Any CPU.ActiveCfg = Release|Any CPU
		{90C0512A-5674-4310-B936-0E0EF8BDA54D}.Release|Any CPU.Build.0 = Release|Any CPU
		{DA353B16-7902-43CB-8C4A-C30F47FDB5C6}.Debug|Any CPU.ActiveCfg = Debug|Any CPU
		{DA353B16-7902-43CB-8C4A-C30F47FDB5C6}.Debug|Any CPU.Build.0 = Debug|Any CPU
		{DA353B16-7902-43CB-8C4A-C30F47FDB5C6}.Release|Any CPU.ActiveCfg = Release|Any CPU
		{DA353B16-7902-43CB-8C4A-C30F47FDB5C6}.Release|Any CPU.Build.0 = Release|Any CPU
		{0E33D36C-2D85-4F94-8D1F-04ED558F7B19}.Debug|Any CPU.ActiveCfg = Debug|Any CPU
		{0E33D36C-2D85-4F94-8D1F-04ED558F7B19}.Debug|Any CPU.Build.0 = Debug|Any CPU
		{0E33D36C-2D85-4F94-8D1F-04ED558F7B19}.Release|Any CPU.ActiveCfg = Release|Any CPU
		{0E33D36C-2D85-4F94-8D1F-04ED558F7B19}.Release|Any CPU.Build.0 = Release|Any CPU
		{478FF77B-F217-4C92-BEE1-F38A3099DE74}.Debug|Any CPU.ActiveCfg = Debug|Any CPU
		{478FF77B-F217-4C92-BEE1-F38A3099DE74}.Debug|Any CPU.Build.0 = Debug|Any CPU
		{478FF77B-F217-4C92-BEE1-F38A3099DE74}.Release|Any CPU.ActiveCfg = Release|Any CPU
		{478FF77B-F217-4C92-BEE1-F38A3099DE74}.Release|Any CPU.Build.0 = Release|Any CPU
		{1E7898FC-90BD-4A2A-AC82-3F11F4DCB1E3}.Debug|Any CPU.ActiveCfg = Debug|Any CPU
		{1E7898FC-90BD-4A2A-AC82-3F11F4DCB1E3}.Debug|Any CPU.Build.0 = Debug|Any CPU
		{1E7898FC-90BD-4A2A-AC82-3F11F4DCB1E3}.Release|Any CPU.ActiveCfg = Release|Any CPU
		{1E7898FC-90BD-4A2A-AC82-3F11F4DCB1E3}.Release|Any CPU.Build.0 = Release|Any CPU
		{90406EA7-D712-4BB7-AC5A-2FA975B1EC85}.Debug|Any CPU.ActiveCfg = Debug|Any CPU
		{90406EA7-D712-4BB7-AC5A-2FA975B1EC85}.Debug|Any CPU.Build.0 = Debug|Any CPU
		{90406EA7-D712-4BB7-AC5A-2FA975B1EC85}.Release|Any CPU.ActiveCfg = Release|Any CPU
		{90406EA7-D712-4BB7-AC5A-2FA975B1EC85}.Release|Any CPU.Build.0 = Release|Any CPU
		{9822A1BA-F911-41A3-8280-C89CD253951A}.Debug|Any CPU.ActiveCfg = Debug|Any CPU
		{9822A1BA-F911-41A3-8280-C89CD253951A}.Debug|Any CPU.Build.0 = Debug|Any CPU
		{9822A1BA-F911-41A3-8280-C89CD253951A}.Release|Any CPU.ActiveCfg = Release|Any CPU
		{9822A1BA-F911-41A3-8280-C89CD253951A}.Release|Any CPU.Build.0 = Release|Any CPU
		{CA43D2FF-154D-48E2-B3E0-33109E3B328D}.Debug|Any CPU.ActiveCfg = Debug|Any CPU
		{CA43D2FF-154D-48E2-B3E0-33109E3B328D}.Debug|Any CPU.Build.0 = Debug|Any CPU
		{CA43D2FF-154D-48E2-B3E0-33109E3B328D}.Release|Any CPU.ActiveCfg = Release|Any CPU
		{CA43D2FF-154D-48E2-B3E0-33109E3B328D}.Release|Any CPU.Build.0 = Release|Any CPU
		{BBE014CE-E62C-4FDF-B705-930BA02412AB}.Debug|Any CPU.ActiveCfg = Debug|Any CPU
		{BBE014CE-E62C-4FDF-B705-930BA02412AB}.Debug|Any CPU.Build.0 = Debug|Any CPU
		{BBE014CE-E62C-4FDF-B705-930BA02412AB}.Release|Any CPU.ActiveCfg = Release|Any CPU
		{BBE014CE-E62C-4FDF-B705-930BA02412AB}.Release|Any CPU.Build.0 = Release|Any CPU
		{E52AFB93-7B8E-48CA-9859-E52DFAED4BC0}.Debug|Any CPU.ActiveCfg = Debug|Any CPU
		{E52AFB93-7B8E-48CA-9859-E52DFAED4BC0}.Debug|Any CPU.Build.0 = Debug|Any CPU
		{E52AFB93-7B8E-48CA-9859-E52DFAED4BC0}.Release|Any CPU.ActiveCfg = Release|Any CPU
		{E52AFB93-7B8E-48CA-9859-E52DFAED4BC0}.Release|Any CPU.Build.0 = Release|Any CPU
		{DC0A29E4-A5CE-4AD9-9401-8F28CD3236C4}.Debug|Any CPU.ActiveCfg = Debug|Any CPU
		{DC0A29E4-A5CE-4AD9-9401-8F28CD3236C4}.Debug|Any CPU.Build.0 = Debug|Any CPU
		{DC0A29E4-A5CE-4AD9-9401-8F28CD3236C4}.Release|Any CPU.ActiveCfg = Release|Any CPU
		{DC0A29E4-A5CE-4AD9-9401-8F28CD3236C4}.Release|Any CPU.Build.0 = Release|Any CPU
		{30F588A1-C938-430C-819E-CE6D12280291}.Debug|Any CPU.ActiveCfg = Debug|Any CPU
		{30F588A1-C938-430C-819E-CE6D12280291}.Debug|Any CPU.Build.0 = Debug|Any CPU
		{30F588A1-C938-430C-819E-CE6D12280291}.Release|Any CPU.ActiveCfg = Release|Any CPU
		{30F588A1-C938-430C-819E-CE6D12280291}.Release|Any CPU.Build.0 = Release|Any CPU
		{6B5537FB-1298-4B2F-ABCB-AA347660D960}.Debug|Any CPU.ActiveCfg = Debug|Any CPU
		{6B5537FB-1298-4B2F-ABCB-AA347660D960}.Debug|Any CPU.Build.0 = Debug|Any CPU
		{6B5537FB-1298-4B2F-ABCB-AA347660D960}.Release|Any CPU.ActiveCfg = Release|Any CPU
		{6B5537FB-1298-4B2F-ABCB-AA347660D960}.Release|Any CPU.Build.0 = Release|Any CPU
		{38F29F45-A93E-4BD2-89CD-A87E9C49352A}.Debug|Any CPU.ActiveCfg = Debug|Any CPU
		{38F29F45-A93E-4BD2-89CD-A87E9C49352A}.Debug|Any CPU.Build.0 = Debug|Any CPU
		{38F29F45-A93E-4BD2-89CD-A87E9C49352A}.Release|Any CPU.ActiveCfg = Release|Any CPU
		{38F29F45-A93E-4BD2-89CD-A87E9C49352A}.Release|Any CPU.Build.0 = Release|Any CPU
		{84CC43C1-0CD0-480E-A630-0D144369F774}.Debug|Any CPU.ActiveCfg = Debug|Any CPU
		{84CC43C1-0CD0-480E-A630-0D144369F774}.Debug|Any CPU.Build.0 = Debug|Any CPU
		{84CC43C1-0CD0-480E-A630-0D144369F774}.Release|Any CPU.ActiveCfg = Release|Any CPU
		{84CC43C1-0CD0-480E-A630-0D144369F774}.Release|Any CPU.Build.0 = Release|Any CPU
		{A2C9C6E7-922F-4905-B309-7E47DF54C10A}.Debug|Any CPU.ActiveCfg = Debug|Any CPU
		{A2C9C6E7-922F-4905-B309-7E47DF54C10A}.Debug|Any CPU.Build.0 = Debug|Any CPU
		{A2C9C6E7-922F-4905-B309-7E47DF54C10A}.Release|Any CPU.ActiveCfg = Release|Any CPU
		{A2C9C6E7-922F-4905-B309-7E47DF54C10A}.Release|Any CPU.Build.0 = Release|Any CPU
		{8393185D-0CB0-4D3F-8E75-1318A4F8D771}.Debug|Any CPU.ActiveCfg = Debug|Any CPU
		{8393185D-0CB0-4D3F-8E75-1318A4F8D771}.Debug|Any CPU.Build.0 = Debug|Any CPU
		{8393185D-0CB0-4D3F-8E75-1318A4F8D771}.Release|Any CPU.ActiveCfg = Release|Any CPU
		{8393185D-0CB0-4D3F-8E75-1318A4F8D771}.Release|Any CPU.Build.0 = Release|Any CPU
		{E5B5C00E-5B63-47DE-AB16-8E3491006DB6}.Debug|Any CPU.ActiveCfg = Debug|Any CPU
		{E5B5C00E-5B63-47DE-AB16-8E3491006DB6}.Debug|Any CPU.Build.0 = Debug|Any CPU
		{E5B5C00E-5B63-47DE-AB16-8E3491006DB6}.Release|Any CPU.ActiveCfg = Release|Any CPU
		{E5B5C00E-5B63-47DE-AB16-8E3491006DB6}.Release|Any CPU.Build.0 = Release|Any CPU
		{2EA905D4-0AD7-481D-9595-81A5BF9B45E3}.Debug|Any CPU.ActiveCfg = Debug|Any CPU
		{2EA905D4-0AD7-481D-9595-81A5BF9B45E3}.Debug|Any CPU.Build.0 = Debug|Any CPU
		{2EA905D4-0AD7-481D-9595-81A5BF9B45E3}.Release|Any CPU.ActiveCfg = Release|Any CPU
		{2EA905D4-0AD7-481D-9595-81A5BF9B45E3}.Release|Any CPU.Build.0 = Release|Any CPU
	EndGlobalSection
	GlobalSection(SolutionProperties) = preSolution
		HideSolutionNode = FALSE
	EndGlobalSection
	GlobalSection(ExtensibilityGlobals) = postSolution
		SolutionGuid = {F41B25D4-DD0F-41B2-8C2B-04B5E2C2C35E}
	EndGlobalSection
EndGlobal
