
Microsoft Visual Studio Solution File, Format Version 12.00
# Visual Studio Version 17
VisualStudioVersion = 17.9.34728.123
MinimumVisualStudioVersion = 10.0.40219.1
Project("{9A19103F-16F7-4668-BE54-9A1E7A4F7556}") = "Task1", "Task1\Task1.csproj", "{217B8F8D-B38F-43F8-A38A-9200DC22DF86}"
EndProject
Project("{9A19103F-16F7-4668-BE54-9A1E7A4F7556}") = "Task2", "Task2\Task2.csproj", "{49B55327-A4C7-4378-AC09-10E3CA1006AE}"
EndProject
Project("{FAE04EC0-301F-11D3-BF4B-00C04F79EFBC}") = "Task3", "Task3\Task3.csproj", "{B1DCAEC2-8521-4CDE-98E6-ACE0CBEA661F}"
EndProject
Project("{FAE04EC0-301F-11D3-BF4B-00C04F79EFBC}") = "Task4", "Task4\Task4.csproj", "{762B8FF8-EF61-43F3-A112-445EEA7D1B6C}"
EndProject
Project("{FAE04EC0-301F-11D3-BF4B-00C04F79EFBC}") = "Task5", "Task5\Task5.csproj", "{37AA3FEF-0947-40AA-8AC5-574FECED5AE7}"
EndProject
Project("{FAE04EC0-301F-11D3-BF4B-00C04F79EFBC}") = "Task 6", "Task 6\Task 6.csproj", "{6067B333-764D-435B-85A7-D0F3BB0E93FB}"
EndProject
Project("{FAE04EC0-301F-11D3-BF4B-00C04F79EFBC}") = "Task 7", "Task 7\Task 7.csproj", "{44C96818-61CA-4102-BC47-51A523CA23F5}"
EndProject
Project("{FAE04EC0-301F-11D3-BF4B-00C04F79EFBC}") = "Task8", "Task8\Task8.csproj", "{03E72D24-DF1F-4192-9D55-7B92C1302A55}"
EndProject
Project("{FAE04EC0-301F-11D3-BF4B-00C04F79EFBC}") = "Task9", "Task9\Task9.csproj", "{3EE1AD6D-0643-46D2-9FFC-0C5B53A28EE0}"
EndProject
Project("{FAE04EC0-301F-11D3-BF4B-00C04F79EFBC}") = "Task 10", "Task 10\Task 10.csproj", "{FBA78708-033E-4E8E-A6E8-28AD17B30D16}"
EndProject
Project("{FAE04EC0-301F-11D3-BF4B-00C04F79EFBC}") = "Task 11", "Task 11\Task 11.csproj", "{C065E359-393B-4DF5-A643-6FDB0D824235}"
EndProject
Project("{FAE04EC0-301F-11D3-BF4B-00C04F79EFBC}") = "Task 12", "Task 12\Task 12.csproj", "{7B602218-A985-42E2-BA66-52078F117E19}"
EndProject
Project("{FAE04EC0-301F-11D3-BF4B-00C04F79EFBC}") = "Task 13", "Task 13\Task 13.csproj", "{5EF8E1D4-1109-4265-89AA-1EBFFF02A251}"
EndProject
Project("{FAE04EC0-301F-11D3-BF4B-00C04F79EFBC}") = "Task14", "Task14\Task14.csproj", "{EA18384D-34F0-40DB-B4E2-9840D62D3DDC}"
EndProject
Project("{FAE04EC0-301F-11D3-BF4B-00C04F79EFBC}") = "Task15", "Task15\Task15.csproj", "{FFC6325C-C992-43F3-A716-F8477DB4DEB5}"
EndProject
Project("{FAE04EC0-301F-11D3-BF4B-00C04F79EFBC}") = "Task16", "Task16\Task16.csproj", "{71F8A2EF-B1C5-423D-A7E5-F1F840C9BA30}"
EndProject
Project("{FAE04EC0-301F-11D3-BF4B-00C04F79EFBC}") = "Task17", "Task17\Task17.csproj", "{51946E40-E907-4B97-840F-8B26094B1047}"
EndProject
Project("{FAE04EC0-301F-11D3-BF4B-00C04F79EFBC}") = "Task18", "Task18\Task18.csproj", "{44C991F8-2965-4CF9-89AF-8903F5702012}"
EndProject
Project("{FAE04EC0-301F-11D3-BF4B-00C04F79EFBC}") = "Task19", "Task19\Task19.csproj", "{9DB26E59-9BD4-4282-9A41-E2DBF67DFFC9}"
EndProject
Project("{FAE04EC0-301F-11D3-BF4B-00C04F79EFBC}") = "Task20", "Task20\Task20.csproj", "{3CBBE170-5322-4269-91C6-9354DE9832DF}"
EndProject
Global
	GlobalSection(SolutionConfigurationPlatforms) = preSolution
		Debug|Any CPU = Debug|Any CPU
		Release|Any CPU = Release|Any CPU
	EndGlobalSection
	GlobalSection(ProjectConfigurationPlatforms) = postSolution
		{217B8F8D-B38F-43F8-A38A-9200DC22DF86}.Debug|Any CPU.ActiveCfg = Debug|Any CPU
		{217B8F8D-B38F-43F8-A38A-9200DC22DF86}.Debug|Any CPU.Build.0 = Debug|Any CPU
		{217B8F8D-B38F-43F8-A38A-9200DC22DF86}.Release|Any CPU.ActiveCfg = Release|Any CPU
		{217B8F8D-B38F-43F8-A38A-9200DC22DF86}.Release|Any CPU.Build.0 = Release|Any CPU
		{49B55327-A4C7-4378-AC09-10E3CA1006AE}.Debug|Any CPU.ActiveCfg = Debug|Any CPU
		{49B55327-A4C7-4378-AC09-10E3CA1006AE}.Debug|Any CPU.Build.0 = Debug|Any CPU
		{49B55327-A4C7-4378-AC09-10E3CA1006AE}.Release|Any CPU.ActiveCfg = Release|Any CPU
		{49B55327-A4C7-4378-AC09-10E3CA1006AE}.Release|Any CPU.Build.0 = Release|Any CPU
		{B1DCAEC2-8521-4CDE-98E6-ACE0CBEA661F}.Debug|Any CPU.ActiveCfg = Debug|Any CPU
		{B1DCAEC2-8521-4CDE-98E6-ACE0CBEA661F}.Debug|Any CPU.Build.0 = Debug|Any CPU
		{B1DCAEC2-8521-4CDE-98E6-ACE0CBEA661F}.Release|Any CPU.ActiveCfg = Release|Any CPU
		{B1DCAEC2-8521-4CDE-98E6-ACE0CBEA661F}.Release|Any CPU.Build.0 = Release|Any CPU
		{762B8FF8-EF61-43F3-A112-445EEA7D1B6C}.Debug|Any CPU.ActiveCfg = Debug|Any CPU
		{762B8FF8-EF61-43F3-A112-445EEA7D1B6C}.Debug|Any CPU.Build.0 = Debug|Any CPU
		{762B8FF8-EF61-43F3-A112-445EEA7D1B6C}.Release|Any CPU.ActiveCfg = Release|Any CPU
		{762B8FF8-EF61-43F3-A112-445EEA7D1B6C}.Release|Any CPU.Build.0 = Release|Any CPU
		{37AA3FEF-0947-40AA-8AC5-574FECED5AE7}.Debug|Any CPU.ActiveCfg = Debug|Any CPU
		{37AA3FEF-0947-40AA-8AC5-574FECED5AE7}.Debug|Any CPU.Build.0 = Debug|Any CPU
		{37AA3FEF-0947-40AA-8AC5-574FECED5AE7}.Release|Any CPU.ActiveCfg = Release|Any CPU
		{37AA3FEF-0947-40AA-8AC5-574FECED5AE7}.Release|Any CPU.Build.0 = Release|Any CPU
		{6067B333-764D-435B-85A7-D0F3BB0E93FB}.Debug|Any CPU.ActiveCfg = Debug|Any CPU
		{6067B333-764D-435B-85A7-D0F3BB0E93FB}.Debug|Any CPU.Build.0 = Debug|Any CPU
		{6067B333-764D-435B-85A7-D0F3BB0E93FB}.Release|Any CPU.ActiveCfg = Release|Any CPU
		{6067B333-764D-435B-85A7-D0F3BB0E93FB}.Release|Any CPU.Build.0 = Release|Any CPU
		{44C96818-61CA-4102-BC47-51A523CA23F5}.Debug|Any CPU.ActiveCfg = Debug|Any CPU
		{44C96818-61CA-4102-BC47-51A523CA23F5}.Debug|Any CPU.Build.0 = Debug|Any CPU
		{44C96818-61CA-4102-BC47-51A523CA23F5}.Release|Any CPU.ActiveCfg = Release|Any CPU
		{44C96818-61CA-4102-BC47-51A523CA23F5}.Release|Any CPU.Build.0 = Release|Any CPU
		{03E72D24-DF1F-4192-9D55-7B92C1302A55}.Debug|Any CPU.ActiveCfg = Debug|Any CPU
		{03E72D24-DF1F-4192-9D55-7B92C1302A55}.Debug|Any CPU.Build.0 = Debug|Any CPU
		{03E72D24-DF1F-4192-9D55-7B92C1302A55}.Release|Any CPU.ActiveCfg = Release|Any CPU
		{03E72D24-DF1F-4192-9D55-7B92C1302A55}.Release|Any CPU.Build.0 = Release|Any CPU
		{3EE1AD6D-0643-46D2-9FFC-0C5B53A28EE0}.Debug|Any CPU.ActiveCfg = Debug|Any CPU
		{3EE1AD6D-0643-46D2-9FFC-0C5B53A28EE0}.Debug|Any CPU.Build.0 = Debug|Any CPU
		{3EE1AD6D-0643-46D2-9FFC-0C5B53A28EE0}.Release|Any CPU.ActiveCfg = Release|Any CPU
		{3EE1AD6D-0643-46D2-9FFC-0C5B53A28EE0}.Release|Any CPU.Build.0 = Release|Any CPU
		{FBA78708-033E-4E8E-A6E8-28AD17B30D16}.Debug|Any CPU.ActiveCfg = Debug|Any CPU
		{FBA78708-033E-4E8E-A6E8-28AD17B30D16}.Debug|Any CPU.Build.0 = Debug|Any CPU
		{FBA78708-033E-4E8E-A6E8-28AD17B30D16}.Release|Any CPU.ActiveCfg = Release|Any CPU
		{FBA78708-033E-4E8E-A6E8-28AD17B30D16}.Release|Any CPU.Build.0 = Release|Any CPU
		{C065E359-393B-4DF5-A643-6FDB0D824235}.Debug|Any CPU.ActiveCfg = Debug|Any CPU
		{C065E359-393B-4DF5-A643-6FDB0D824235}.Debug|Any CPU.Build.0 = Debug|Any CPU
		{C065E359-393B-4DF5-A643-6FDB0D824235}.Release|Any CPU.ActiveCfg = Release|Any CPU
		{C065E359-393B-4DF5-A643-6FDB0D824235}.Release|Any CPU.Build.0 = Release|Any CPU
		{7B602218-A985-42E2-BA66-52078F117E19}.Debug|Any CPU.ActiveCfg = Debug|Any CPU
		{7B602218-A985-42E2-BA66-52078F117E19}.Debug|Any CPU.Build.0 = Debug|Any CPU
		{7B602218-A985-42E2-BA66-52078F117E19}.Release|Any CPU.ActiveCfg = Release|Any CPU
		{7B602218-A985-42E2-BA66-52078F117E19}.Release|Any CPU.Build.0 = Release|Any CPU
		{5EF8E1D4-1109-4265-89AA-1EBFFF02A251}.Debug|Any CPU.ActiveCfg = Debug|Any CPU
		{5EF8E1D4-1109-4265-89AA-1EBFFF02A251}.Debug|Any CPU.Build.0 = Debug|Any CPU
		{5EF8E1D4-1109-4265-89AA-1EBFFF02A251}.Release|Any CPU.ActiveCfg = Release|Any CPU
		{5EF8E1D4-1109-4265-89AA-1EBFFF02A251}.Release|Any CPU.Build.0 = Release|Any CPU
		{EA18384D-34F0-40DB-B4E2-9840D62D3DDC}.Debug|Any CPU.ActiveCfg = Debug|Any CPU
		{EA18384D-34F0-40DB-B4E2-9840D62D3DDC}.Debug|Any CPU.Build.0 = Debug|Any CPU
		{EA18384D-34F0-40DB-B4E2-9840D62D3DDC}.Release|Any CPU.ActiveCfg = Release|Any CPU
		{EA18384D-34F0-40DB-B4E2-9840D62D3DDC}.Release|Any CPU.Build.0 = Release|Any CPU
		{FFC6325C-C992-43F3-A716-F8477DB4DEB5}.Debug|Any CPU.ActiveCfg = Debug|Any CPU
		{FFC6325C-C992-43F3-A716-F8477DB4DEB5}.Debug|Any CPU.Build.0 = Debug|Any CPU
		{FFC6325C-C992-43F3-A716-F8477DB4DEB5}.Release|Any CPU.ActiveCfg = Release|Any CPU
		{FFC6325C-C992-43F3-A716-F8477DB4DEB5}.Release|Any CPU.Build.0 = Release|Any CPU
		{71F8A2EF-B1C5-423D-A7E5-F1F840C9BA30}.Debug|Any CPU.ActiveCfg = Debug|Any CPU
		{71F8A2EF-B1C5-423D-A7E5-F1F840C9BA30}.Debug|Any CPU.Build.0 = Debug|Any CPU
		{71F8A2EF-B1C5-423D-A7E5-F1F840C9BA30}.Release|Any CPU.ActiveCfg = Release|Any CPU
		{71F8A2EF-B1C5-423D-A7E5-F1F840C9BA30}.Release|Any CPU.Build.0 = Release|Any CPU
		{51946E40-E907-4B97-840F-8B26094B1047}.Debug|Any CPU.ActiveCfg = Debug|Any CPU
		{51946E40-E907-4B97-840F-8B26094B1047}.Debug|Any CPU.Build.0 = Debug|Any CPU
		{51946E40-E907-4B97-840F-8B26094B1047}.Release|Any CPU.ActiveCfg = Release|Any CPU
		{51946E40-E907-4B97-840F-8B26094B1047}.Release|Any CPU.Build.0 = Release|Any CPU
		{44C991F8-2965-4CF9-89AF-8903F5702012}.Debug|Any CPU.ActiveCfg = Debug|Any CPU
		{44C991F8-2965-4CF9-89AF-8903F5702012}.Debug|Any CPU.Build.0 = Debug|Any CPU
		{44C991F8-2965-4CF9-89AF-8903F5702012}.Release|Any CPU.ActiveCfg = Release|Any CPU
		{44C991F8-2965-4CF9-89AF-8903F5702012}.Release|Any CPU.Build.0 = Release|Any CPU
		{9DB26E59-9BD4-4282-9A41-E2DBF67DFFC9}.Debug|Any CPU.ActiveCfg = Debug|Any CPU
		{9DB26E59-9BD4-4282-9A41-E2DBF67DFFC9}.Debug|Any CPU.Build.0 = Debug|Any CPU
		{9DB26E59-9BD4-4282-9A41-E2DBF67DFFC9}.Release|Any CPU.ActiveCfg = Release|Any CPU
		{9DB26E59-9BD4-4282-9A41-E2DBF67DFFC9}.Release|Any CPU.Build.0 = Release|Any CPU
		{3CBBE170-5322-4269-91C6-9354DE9832DF}.Debug|Any CPU.ActiveCfg = Debug|Any CPU
		{3CBBE170-5322-4269-91C6-9354DE9832DF}.Debug|Any CPU.Build.0 = Debug|Any CPU
		{3CBBE170-5322-4269-91C6-9354DE9832DF}.Release|Any CPU.ActiveCfg = Release|Any CPU
		{3CBBE170-5322-4269-91C6-9354DE9832DF}.Release|Any CPU.Build.0 = Release|Any CPU
	EndGlobalSection
	GlobalSection(SolutionProperties) = preSolution
		HideSolutionNode = FALSE
	EndGlobalSection
	GlobalSection(ExtensibilityGlobals) = postSolution
		SolutionGuid = {28A3E01A-95D3-4554-BE13-FE965D242D24}
	EndGlobalSection
EndGlobal
