
Microsoft Visual Studio Solution File, Format Version 12.00
# Visual Studio Version 17
VisualStudioVersion = 17.9.34728.123
MinimumVisualStudioVersion = 10.0.40219.1
Project("{FAE04EC0-301F-11D3-BF4B-00C04F79EFBC}") = "Ex1", "Homework 7\Ex1.csproj", "{2F1BBC41-C493-45F0-A61D-AC85B11ABBC1}"
EndProject
Project("{FAE04EC0-301F-11D3-BF4B-00C04F79EFBC}") = "Ex2", "Ex2\Ex2.csproj", "{61905D44-3E9A-4BC6-A8E8-A63F3F576BD9}"
EndProject
Project("{FAE04EC0-301F-11D3-BF4B-00C04F79EFBC}") = "Ex3", "Ex3\Ex3.csproj", "{5A268DFD-4FE3-4BB5-B30D-68927E0995F6}"
EndProject
Project("{FAE04EC0-301F-11D3-BF4B-00C04F79EFBC}") = "Ex4", "Ex4\Ex4.csproj", "{2C04A0D0-BD69-488A-B937-F5620E4E79D5}"
EndProject
Project("{FAE04EC0-301F-11D3-BF4B-00C04F79EFBC}") = "Ex5", "Ex5\Ex5.csproj", "{BA082420-3B51-487F-8270-3A891AA20D54}"
EndProject
Project("{FAE04EC0-301F-11D3-BF4B-00C04F79EFBC}") = "Ex6", "Ex6\Ex6.csproj", "{0E990D85-FFC8-4AAC-8A31-A44A86E387E5}"
EndProject
Project("{FAE04EC0-301F-11D3-BF4B-00C04F79EFBC}") = "Ex7", "Ex7\Ex7.csproj", "{17660ACD-3ABF-4785-AD8A-F7801B1FB926}"
EndProject
Project("{FAE04EC0-301F-11D3-BF4B-00C04F79EFBC}") = "Ex8", "Ex8\Ex8.csproj", "{7FB71AB7-3B5F-41AC-8D93-F27C8EBA57CC}"
EndProject
Project("{FAE04EC0-301F-11D3-BF4B-00C04F79EFBC}") = "Ex9", "Ex9\Ex9.csproj", "{2C78106A-5B5B-45C8-B0FA-C8F573A186CF}"
EndProject
Project("{FAE04EC0-301F-11D3-BF4B-00C04F79EFBC}") = "Ex10", "Ex10\Ex10.csproj", "{5A47FB08-39EC-4C15-B1CF-564575BD5870}"
EndProject
Project("{FAE04EC0-301F-11D3-BF4B-00C04F79EFBC}") = "Ex11", "Ex11\Ex11.csproj", "{FE8B385C-C424-412D-99E8-A3359CE1113D}"
EndProject
Project("{FAE04EC0-301F-11D3-BF4B-00C04F79EFBC}") = "Ex12", "Ex12\Ex12.csproj", "{5A4572B5-5099-450D-883E-C10662B13B5F}"
EndProject
Project("{FAE04EC0-301F-11D3-BF4B-00C04F79EFBC}") = "Ex13", "Ex13\Ex13.csproj", "{36A5746E-36B2-42C1-AC1E-204A8F5F9272}"
EndProject
Project("{FAE04EC0-301F-11D3-BF4B-00C04F79EFBC}") = "Ex14", "Ex14\Ex14.csproj", "{D4DDADF4-41BB-49D5-AA93-E3878521050F}"
EndProject
Project("{FAE04EC0-301F-11D3-BF4B-00C04F79EFBC}") = "Ex15", "Ex15\Ex15.csproj", "{CAEB577E-1321-4990-AA3C-5A34549B00B2}"
EndProject
Project("{FAE04EC0-301F-11D3-BF4B-00C04F79EFBC}") = "Ex16", "Ex16\Ex16.csproj", "{C7A45B69-B334-47C6-854D-CE85C6B636DE}"
EndProject
Project("{FAE04EC0-301F-11D3-BF4B-00C04F79EFBC}") = "Ex17", "Ex17\Ex17.csproj", "{724E88B4-643F-4E8A-A0AF-ACEBC82A9C80}"
EndProject
Project("{FAE04EC0-301F-11D3-BF4B-00C04F79EFBC}") = "Ex18", "Ex18\Ex18.csproj", "{FB950101-9E9E-4833-A1A2-80461300D2B0}"
EndProject
Project("{FAE04EC0-301F-11D3-BF4B-00C04F79EFBC}") = "Ex19", "Ex19\Ex19.csproj", "{48B6A3A3-639F-418A-8D49-EAF188B90EB2}"
EndProject
Project("{FAE04EC0-301F-11D3-BF4B-00C04F79EFBC}") = "Ex20", "Ex20\Ex20.csproj", "{0DA0C3EA-3A62-40E7-B3D1-6F6DFDDA5028}"
EndProject
Project("{FAE04EC0-301F-11D3-BF4B-00C04F79EFBC}") = "Ex21", "Ex21\Ex21.csproj", "{14920327-C2E5-4214-8A95-674CD3789C8F}"
EndProject
Project("{FAE04EC0-301F-11D3-BF4B-00C04F79EFBC}") = "Ex22", "Ex22\Ex22.csproj", "{7DDE76CD-EE69-4B49-8379-7C6C7E1EE482}"
EndProject
Project("{FAE04EC0-301F-11D3-BF4B-00C04F79EFBC}") = "Ex23", "Ex23\Ex23.csproj", "{774CADC6-A301-420F-85EE-A41EEF553DF1}"
EndProject
Project("{FAE04EC0-301F-11D3-BF4B-00C04F79EFBC}") = "Ex24", "Ex24\Ex24.csproj", "{388DBF05-BE92-466A-B5DD-CDFE12A74ADC}"
EndProject
Project("{FAE04EC0-301F-11D3-BF4B-00C04F79EFBC}") = "Ex25", "Ex25\Ex25.csproj", "{2E9C2564-7CF7-4ACB-A1DB-4CC20D981D30}"
EndProject
Project("{FAE04EC0-301F-11D3-BF4B-00C04F79EFBC}") = "Ex26", "Ex26\Ex26.csproj", "{51D948FB-0EE1-4945-8B46-546D433FFF62}"
EndProject
Project("{FAE04EC0-301F-11D3-BF4B-00C04F79EFBC}") = "Ex27", "Ex27\Ex27.csproj", "{067DE2DB-DCE4-4FBB-A6E4-5622FE34CE37}"
EndProject
Project("{FAE04EC0-301F-11D3-BF4B-00C04F79EFBC}") = "Ex28", "Ex28\Ex28.csproj", "{FA09DDA1-B3C7-4D03-A6C3-BD568A7E1A14}"
EndProject
Project("{FAE04EC0-301F-11D3-BF4B-00C04F79EFBC}") = "Ex29", "Ex29\Ex29.csproj", "{8C093A28-DD58-4EB5-9E61-0C81D33DC910}"
EndProject
Global
	GlobalSection(SolutionConfigurationPlatforms) = preSolution
		Debug|Any CPU = Debug|Any CPU
		Release|Any CPU = Release|Any CPU
	EndGlobalSection
	GlobalSection(ProjectConfigurationPlatforms) = postSolution
		{2F1BBC41-C493-45F0-A61D-AC85B11ABBC1}.Debug|Any CPU.ActiveCfg = Debug|Any CPU
		{2F1BBC41-C493-45F0-A61D-AC85B11ABBC1}.Debug|Any CPU.Build.0 = Debug|Any CPU
		{2F1BBC41-C493-45F0-A61D-AC85B11ABBC1}.Release|Any CPU.ActiveCfg = Release|Any CPU
		{2F1BBC41-C493-45F0-A61D-AC85B11ABBC1}.Release|Any CPU.Build.0 = Release|Any CPU
		{61905D44-3E9A-4BC6-A8E8-A63F3F576BD9}.Debug|Any CPU.ActiveCfg = Debug|Any CPU
		{61905D44-3E9A-4BC6-A8E8-A63F3F576BD9}.Debug|Any CPU.Build.0 = Debug|Any CPU
		{61905D44-3E9A-4BC6-A8E8-A63F3F576BD9}.Release|Any CPU.ActiveCfg = Release|Any CPU
		{61905D44-3E9A-4BC6-A8E8-A63F3F576BD9}.Release|Any CPU.Build.0 = Release|Any CPU
		{5A268DFD-4FE3-4BB5-B30D-68927E0995F6}.Debug|Any CPU.ActiveCfg = Debug|Any CPU
		{5A268DFD-4FE3-4BB5-B30D-68927E0995F6}.Debug|Any CPU.Build.0 = Debug|Any CPU
		{5A268DFD-4FE3-4BB5-B30D-68927E0995F6}.Release|Any CPU.ActiveCfg = Release|Any CPU
		{5A268DFD-4FE3-4BB5-B30D-68927E0995F6}.Release|Any CPU.Build.0 = Release|Any CPU
		{2C04A0D0-BD69-488A-B937-F5620E4E79D5}.Debug|Any CPU.ActiveCfg = Debug|Any CPU
		{2C04A0D0-BD69-488A-B937-F5620E4E79D5}.Debug|Any CPU.Build.0 = Debug|Any CPU
		{2C04A0D0-BD69-488A-B937-F5620E4E79D5}.Release|Any CPU.ActiveCfg = Release|Any CPU
		{2C04A0D0-BD69-488A-B937-F5620E4E79D5}.Release|Any CPU.Build.0 = Release|Any CPU
		{BA082420-3B51-487F-8270-3A891AA20D54}.Debug|Any CPU.ActiveCfg = Debug|Any CPU
		{BA082420-3B51-487F-8270-3A891AA20D54}.Debug|Any CPU.Build.0 = Debug|Any CPU
		{BA082420-3B51-487F-8270-3A891AA20D54}.Release|Any CPU.ActiveCfg = Release|Any CPU
		{BA082420-3B51-487F-8270-3A891AA20D54}.Release|Any CPU.Build.0 = Release|Any CPU
		{0E990D85-FFC8-4AAC-8A31-A44A86E387E5}.Debug|Any CPU.ActiveCfg = Debug|Any CPU
		{0E990D85-FFC8-4AAC-8A31-A44A86E387E5}.Debug|Any CPU.Build.0 = Debug|Any CPU
		{0E990D85-FFC8-4AAC-8A31-A44A86E387E5}.Release|Any CPU.ActiveCfg = Release|Any CPU
		{0E990D85-FFC8-4AAC-8A31-A44A86E387E5}.Release|Any CPU.Build.0 = Release|Any CPU
		{17660ACD-3ABF-4785-AD8A-F7801B1FB926}.Debug|Any CPU.ActiveCfg = Debug|Any CPU
		{17660ACD-3ABF-4785-AD8A-F7801B1FB926}.Debug|Any CPU.Build.0 = Debug|Any CPU
		{17660ACD-3ABF-4785-AD8A-F7801B1FB926}.Release|Any CPU.ActiveCfg = Release|Any CPU
		{17660ACD-3ABF-4785-AD8A-F7801B1FB926}.Release|Any CPU.Build.0 = Release|Any CPU
		{7FB71AB7-3B5F-41AC-8D93-F27C8EBA57CC}.Debug|Any CPU.ActiveCfg = Debug|Any CPU
		{7FB71AB7-3B5F-41AC-8D93-F27C8EBA57CC}.Debug|Any CPU.Build.0 = Debug|Any CPU
		{7FB71AB7-3B5F-41AC-8D93-F27C8EBA57CC}.Release|Any CPU.ActiveCfg = Release|Any CPU
		{7FB71AB7-3B5F-41AC-8D93-F27C8EBA57CC}.Release|Any CPU.Build.0 = Release|Any CPU
		{2C78106A-5B5B-45C8-B0FA-C8F573A186CF}.Debug|Any CPU.ActiveCfg = Debug|Any CPU
		{2C78106A-5B5B-45C8-B0FA-C8F573A186CF}.Debug|Any CPU.Build.0 = Debug|Any CPU
		{2C78106A-5B5B-45C8-B0FA-C8F573A186CF}.Release|Any CPU.ActiveCfg = Release|Any CPU
		{2C78106A-5B5B-45C8-B0FA-C8F573A186CF}.Release|Any CPU.Build.0 = Release|Any CPU
		{5A47FB08-39EC-4C15-B1CF-564575BD5870}.Debug|Any CPU.ActiveCfg = Debug|Any CPU
		{5A47FB08-39EC-4C15-B1CF-564575BD5870}.Debug|Any CPU.Build.0 = Debug|Any CPU
		{5A47FB08-39EC-4C15-B1CF-564575BD5870}.Release|Any CPU.ActiveCfg = Release|Any CPU
		{5A47FB08-39EC-4C15-B1CF-564575BD5870}.Release|Any CPU.Build.0 = Release|Any CPU
		{FE8B385C-C424-412D-99E8-A3359CE1113D}.Debug|Any CPU.ActiveCfg = Debug|Any CPU
		{FE8B385C-C424-412D-99E8-A3359CE1113D}.Debug|Any CPU.Build.0 = Debug|Any CPU
		{FE8B385C-C424-412D-99E8-A3359CE1113D}.Release|Any CPU.ActiveCfg = Release|Any CPU
		{FE8B385C-C424-412D-99E8-A3359CE1113D}.Release|Any CPU.Build.0 = Release|Any CPU
		{5A4572B5-5099-450D-883E-C10662B13B5F}.Debug|Any CPU.ActiveCfg = Debug|Any CPU
		{5A4572B5-5099-450D-883E-C10662B13B5F}.Debug|Any CPU.Build.0 = Debug|Any CPU
		{5A4572B5-5099-450D-883E-C10662B13B5F}.Release|Any CPU.ActiveCfg = Release|Any CPU
		{5A4572B5-5099-450D-883E-C10662B13B5F}.Release|Any CPU.Build.0 = Release|Any CPU
		{36A5746E-36B2-42C1-AC1E-204A8F5F9272}.Debug|Any CPU.ActiveCfg = Debug|Any CPU
		{36A5746E-36B2-42C1-AC1E-204A8F5F9272}.Debug|Any CPU.Build.0 = Debug|Any CPU
		{36A5746E-36B2-42C1-AC1E-204A8F5F9272}.Release|Any CPU.ActiveCfg = Release|Any CPU
		{36A5746E-36B2-42C1-AC1E-204A8F5F9272}.Release|Any CPU.Build.0 = Release|Any CPU
		{D4DDADF4-41BB-49D5-AA93-E3878521050F}.Debug|Any CPU.ActiveCfg = Debug|Any CPU
		{D4DDADF4-41BB-49D5-AA93-E3878521050F}.Debug|Any CPU.Build.0 = Debug|Any CPU
		{D4DDADF4-41BB-49D5-AA93-E3878521050F}.Release|Any CPU.ActiveCfg = Release|Any CPU
		{D4DDADF4-41BB-49D5-AA93-E3878521050F}.Release|Any CPU.Build.0 = Release|Any CPU
		{CAEB577E-1321-4990-AA3C-5A34549B00B2}.Debug|Any CPU.ActiveCfg = Debug|Any CPU
		{CAEB577E-1321-4990-AA3C-5A34549B00B2}.Debug|Any CPU.Build.0 = Debug|Any CPU
		{CAEB577E-1321-4990-AA3C-5A34549B00B2}.Release|Any CPU.ActiveCfg = Release|Any CPU
		{CAEB577E-1321-4990-AA3C-5A34549B00B2}.Release|Any CPU.Build.0 = Release|Any CPU
		{C7A45B69-B334-47C6-854D-CE85C6B636DE}.Debug|Any CPU.ActiveCfg = Debug|Any CPU
		{C7A45B69-B334-47C6-854D-CE85C6B636DE}.Debug|Any CPU.Build.0 = Debug|Any CPU
		{C7A45B69-B334-47C6-854D-CE85C6B636DE}.Release|Any CPU.ActiveCfg = Release|Any CPU
		{C7A45B69-B334-47C6-854D-CE85C6B636DE}.Release|Any CPU.Build.0 = Release|Any CPU
		{724E88B4-643F-4E8A-A0AF-ACEBC82A9C80}.Debug|Any CPU.ActiveCfg = Debug|Any CPU
		{724E88B4-643F-4E8A-A0AF-ACEBC82A9C80}.Debug|Any CPU.Build.0 = Debug|Any CPU
		{724E88B4-643F-4E8A-A0AF-ACEBC82A9C80}.Release|Any CPU.ActiveCfg = Release|Any CPU
		{724E88B4-643F-4E8A-A0AF-ACEBC82A9C80}.Release|Any CPU.Build.0 = Release|Any CPU
		{FB950101-9E9E-4833-A1A2-80461300D2B0}.Debug|Any CPU.ActiveCfg = Debug|Any CPU
		{FB950101-9E9E-4833-A1A2-80461300D2B0}.Debug|Any CPU.Build.0 = Debug|Any CPU
		{FB950101-9E9E-4833-A1A2-80461300D2B0}.Release|Any CPU.ActiveCfg = Release|Any CPU
		{FB950101-9E9E-4833-A1A2-80461300D2B0}.Release|Any CPU.Build.0 = Release|Any CPU
		{48B6A3A3-639F-418A-8D49-EAF188B90EB2}.Debug|Any CPU.ActiveCfg = Debug|Any CPU
		{48B6A3A3-639F-418A-8D49-EAF188B90EB2}.Debug|Any CPU.Build.0 = Debug|Any CPU
		{48B6A3A3-639F-418A-8D49-EAF188B90EB2}.Release|Any CPU.ActiveCfg = Release|Any CPU
		{48B6A3A3-639F-418A-8D49-EAF188B90EB2}.Release|Any CPU.Build.0 = Release|Any CPU
		{0DA0C3EA-3A62-40E7-B3D1-6F6DFDDA5028}.Debug|Any CPU.ActiveCfg = Debug|Any CPU
		{0DA0C3EA-3A62-40E7-B3D1-6F6DFDDA5028}.Debug|Any CPU.Build.0 = Debug|Any CPU
		{0DA0C3EA-3A62-40E7-B3D1-6F6DFDDA5028}.Release|Any CPU.ActiveCfg = Release|Any CPU
		{0DA0C3EA-3A62-40E7-B3D1-6F6DFDDA5028}.Release|Any CPU.Build.0 = Release|Any CPU
		{14920327-C2E5-4214-8A95-674CD3789C8F}.Debug|Any CPU.ActiveCfg = Debug|Any CPU
		{14920327-C2E5-4214-8A95-674CD3789C8F}.Debug|Any CPU.Build.0 = Debug|Any CPU
		{14920327-C2E5-4214-8A95-674CD3789C8F}.Release|Any CPU.ActiveCfg = Release|Any CPU
		{14920327-C2E5-4214-8A95-674CD3789C8F}.Release|Any CPU.Build.0 = Release|Any CPU
		{7DDE76CD-EE69-4B49-8379-7C6C7E1EE482}.Debug|Any CPU.ActiveCfg = Debug|Any CPU
		{7DDE76CD-EE69-4B49-8379-7C6C7E1EE482}.Debug|Any CPU.Build.0 = Debug|Any CPU
		{7DDE76CD-EE69-4B49-8379-7C6C7E1EE482}.Release|Any CPU.ActiveCfg = Release|Any CPU
		{7DDE76CD-EE69-4B49-8379-7C6C7E1EE482}.Release|Any CPU.Build.0 = Release|Any CPU
		{774CADC6-A301-420F-85EE-A41EEF553DF1}.Debug|Any CPU.ActiveCfg = Debug|Any CPU
		{774CADC6-A301-420F-85EE-A41EEF553DF1}.Debug|Any CPU.Build.0 = Debug|Any CPU
		{774CADC6-A301-420F-85EE-A41EEF553DF1}.Release|Any CPU.ActiveCfg = Release|Any CPU
		{774CADC6-A301-420F-85EE-A41EEF553DF1}.Release|Any CPU.Build.0 = Release|Any CPU
		{388DBF05-BE92-466A-B5DD-CDFE12A74ADC}.Debug|Any CPU.ActiveCfg = Debug|Any CPU
		{388DBF05-BE92-466A-B5DD-CDFE12A74ADC}.Debug|Any CPU.Build.0 = Debug|Any CPU
		{388DBF05-BE92-466A-B5DD-CDFE12A74ADC}.Release|Any CPU.ActiveCfg = Release|Any CPU
		{388DBF05-BE92-466A-B5DD-CDFE12A74ADC}.Release|Any CPU.Build.0 = Release|Any CPU
		{2E9C2564-7CF7-4ACB-A1DB-4CC20D981D30}.Debug|Any CPU.ActiveCfg = Debug|Any CPU
		{2E9C2564-7CF7-4ACB-A1DB-4CC20D981D30}.Debug|Any CPU.Build.0 = Debug|Any CPU
		{2E9C2564-7CF7-4ACB-A1DB-4CC20D981D30}.Release|Any CPU.ActiveCfg = Release|Any CPU
		{2E9C2564-7CF7-4ACB-A1DB-4CC20D981D30}.Release|Any CPU.Build.0 = Release|Any CPU
		{51D948FB-0EE1-4945-8B46-546D433FFF62}.Debug|Any CPU.ActiveCfg = Debug|Any CPU
		{51D948FB-0EE1-4945-8B46-546D433FFF62}.Debug|Any CPU.Build.0 = Debug|Any CPU
		{51D948FB-0EE1-4945-8B46-546D433FFF62}.Release|Any CPU.ActiveCfg = Release|Any CPU
		{51D948FB-0EE1-4945-8B46-546D433FFF62}.Release|Any CPU.Build.0 = Release|Any CPU
		{067DE2DB-DCE4-4FBB-A6E4-5622FE34CE37}.Debug|Any CPU.ActiveCfg = Debug|Any CPU
		{067DE2DB-DCE4-4FBB-A6E4-5622FE34CE37}.Debug|Any CPU.Build.0 = Debug|Any CPU
		{067DE2DB-DCE4-4FBB-A6E4-5622FE34CE37}.Release|Any CPU.ActiveCfg = Release|Any CPU
		{067DE2DB-DCE4-4FBB-A6E4-5622FE34CE37}.Release|Any CPU.Build.0 = Release|Any CPU
		{FA09DDA1-B3C7-4D03-A6C3-BD568A7E1A14}.Debug|Any CPU.ActiveCfg = Debug|Any CPU
		{FA09DDA1-B3C7-4D03-A6C3-BD568A7E1A14}.Debug|Any CPU.Build.0 = Debug|Any CPU
		{FA09DDA1-B3C7-4D03-A6C3-BD568A7E1A14}.Release|Any CPU.ActiveCfg = Release|Any CPU
		{FA09DDA1-B3C7-4D03-A6C3-BD568A7E1A14}.Release|Any CPU.Build.0 = Release|Any CPU
		{8C093A28-DD58-4EB5-9E61-0C81D33DC910}.Debug|Any CPU.ActiveCfg = Debug|Any CPU
		{8C093A28-DD58-4EB5-9E61-0C81D33DC910}.Debug|Any CPU.Build.0 = Debug|Any CPU
		{8C093A28-DD58-4EB5-9E61-0C81D33DC910}.Release|Any CPU.ActiveCfg = Release|Any CPU
		{8C093A28-DD58-4EB5-9E61-0C81D33DC910}.Release|Any CPU.Build.0 = Release|Any CPU
	EndGlobalSection
	GlobalSection(SolutionProperties) = preSolution
		HideSolutionNode = FALSE
	EndGlobalSection
	GlobalSection(ExtensibilityGlobals) = postSolution
		SolutionGuid = {79F06BA2-8044-41A7-B8F5-C8E06E9C42ED}
	EndGlobalSection
EndGlobal
