
Microsoft Visual Studio Solution File, Format Version 12.00
# Visual Studio Version 17
VisualStudioVersion = 17.9.34728.123
MinimumVisualStudioVersion = 10.0.40219.1
Project("{9A19103F-16F7-4668-BE54-9A1E7A4F7556}") = "Task 1", "Homework 4\Task 1.csproj", "{F4E18C2E-4B2C-4B70-B95E-FA259AEFE563}"
EndProject
Project("{9A19103F-16F7-4668-BE54-9A1E7A4F7556}") = "Task 2", "Task 2\Task 2.csproj", "{9BEB89D6-8A54-4070-8F5B-3EEBCC8275DB}"
EndProject
Project("{9A19103F-16F7-4668-BE54-9A1E7A4F7556}") = "Task 3", "Task 3\Task 3.csproj", "{1FFEE019-31E4-4B7B-A8F1-0F7BFA3D2090}"
EndProject
Project("{9A19103F-16F7-4668-BE54-9A1E7A4F7556}") = "Task 4", "Task 4\Task 4.csproj", "{2DDAFD7C-69CB-4449-870E-307DEBEB4ECB}"
EndProject
Project("{9A19103F-16F7-4668-BE54-9A1E7A4F7556}") = "Task 5", "Task 5\Task 5.csproj", "{907BD8D7-C011-43C6-83EF-C2F48EB4B668}"
EndProject
Project("{9A19103F-16F7-4668-BE54-9A1E7A4F7556}") = "Task 6", "Task 6\Task 6.csproj", "{DEC5B73B-C772-4035-A21F-B31C5D9AC1FF}"
EndProject
Project("{9A19103F-16F7-4668-BE54-9A1E7A4F7556}") = "Task 7", "Task 7\Task 7.csproj", "{A099CE1C-DF32-4AE8-91AD-9125627958FC}"
EndProject
Project("{9A19103F-16F7-4668-BE54-9A1E7A4F7556}") = "Task 8", "Task 8\Task 8.csproj", "{99969CEC-BDED-46AB-9853-5CC96799E42E}"
EndProject
Project("{9A19103F-16F7-4668-BE54-9A1E7A4F7556}") = "Task 9", "Task 9\Task 9.csproj", "{D4F458DC-F8B3-4F51-AA3F-3A95FA822F13}"
EndProject
Project("{9A19103F-16F7-4668-BE54-9A1E7A4F7556}") = "Task 10", "Task 10\Task 10.csproj", "{61DF4ABC-9F43-4F24-B24D-051126E51840}"
EndProject
Project("{9A19103F-16F7-4668-BE54-9A1E7A4F7556}") = "Task 11", "Task 11\Task 11.csproj", "{3C4EB2D6-4B3F-409B-A1D2-2F2862FBAD9A}"
EndProject
Project("{9A19103F-16F7-4668-BE54-9A1E7A4F7556}") = "Task 12", "Task 12\Task 12.csproj", "{CA97343E-A104-4847-AB03-5CD8B476ADD7}"
EndProject
Project("{9A19103F-16F7-4668-BE54-9A1E7A4F7556}") = "Task 13", "Task 13\Task 13.csproj", "{36620DF9-4A48-4B18-8C09-89495A1EDEA7}"
EndProject
Project("{9A19103F-16F7-4668-BE54-9A1E7A4F7556}") = "Task 14", "Task 14\Task 14.csproj", "{3485C9FD-3E0E-4216-BE54-9F683911F638}"
EndProject
Project("{9A19103F-16F7-4668-BE54-9A1E7A4F7556}") = "Task 16", "Task 16\Task 16.csproj", "{4F7DFA93-08D8-4331-A862-DB6A3A7BC6EF}"
EndProject
Project("{9A19103F-16F7-4668-BE54-9A1E7A4F7556}") = "Task 17", "Task 17\Task 17.csproj", "{95371DC6-4ADA-4830-9418-1700CB2102A2}"
EndProject
Project("{9A19103F-16F7-4668-BE54-9A1E7A4F7556}") = "Task 18", "Task 18\Task 18.csproj", "{2C3AC961-728C-452E-BD05-A8100DE0E476}"
EndProject
Project("{9A19103F-16F7-4668-BE54-9A1E7A4F7556}") = "Task 19", "Task 19\Task 19.csproj", "{6CAB8EC0-0F9F-45EB-AA69-07B9EDB6BA56}"
EndProject
Project("{9A19103F-16F7-4668-BE54-9A1E7A4F7556}") = "Task 20", "Task 20\Task 20.csproj", "{53BCBECB-A9B3-4B49-98CD-BF1C775F26CE}"
EndProject
Project("{FAE04EC0-301F-11D3-BF4B-00C04F79EFBC}") = "Task 15", "Task 15\Task 15.csproj", "{C2CA1464-CA3C-4913-9184-F69F72960362}"
EndProject
Global
	GlobalSection(SolutionConfigurationPlatforms) = preSolution
		Debug|Any CPU = Debug|Any CPU
		Release|Any CPU = Release|Any CPU
	EndGlobalSection
	GlobalSection(ProjectConfigurationPlatforms) = postSolution
		{F4E18C2E-4B2C-4B70-B95E-FA259AEFE563}.Debug|Any CPU.ActiveCfg = Debug|Any CPU
		{F4E18C2E-4B2C-4B70-B95E-FA259AEFE563}.Debug|Any CPU.Build.0 = Debug|Any CPU
		{F4E18C2E-4B2C-4B70-B95E-FA259AEFE563}.Release|Any CPU.ActiveCfg = Release|Any CPU
		{F4E18C2E-4B2C-4B70-B95E-FA259AEFE563}.Release|Any CPU.Build.0 = Release|Any CPU
		{9BEB89D6-8A54-4070-8F5B-3EEBCC8275DB}.Debug|Any CPU.ActiveCfg = Debug|Any CPU
		{9BEB89D6-8A54-4070-8F5B-3EEBCC8275DB}.Debug|Any CPU.Build.0 = Debug|Any CPU
		{9BEB89D6-8A54-4070-8F5B-3EEBCC8275DB}.Release|Any CPU.ActiveCfg = Release|Any CPU
		{9BEB89D6-8A54-4070-8F5B-3EEBCC8275DB}.Release|Any CPU.Build.0 = Release|Any CPU
		{1FFEE019-31E4-4B7B-A8F1-0F7BFA3D2090}.Debug|Any CPU.ActiveCfg = Debug|Any CPU
		{1FFEE019-31E4-4B7B-A8F1-0F7BFA3D2090}.Debug|Any CPU.Build.0 = Debug|Any CPU
		{1FFEE019-31E4-4B7B-A8F1-0F7BFA3D2090}.Release|Any CPU.ActiveCfg = Release|Any CPU
		{1FFEE019-31E4-4B7B-A8F1-0F7BFA3D2090}.Release|Any CPU.Build.0 = Release|Any CPU
		{2DDAFD7C-69CB-4449-870E-307DEBEB4ECB}.Debug|Any CPU.ActiveCfg = Debug|Any CPU
		{2DDAFD7C-69CB-4449-870E-307DEBEB4ECB}.Debug|Any CPU.Build.0 = Debug|Any CPU
		{2DDAFD7C-69CB-4449-870E-307DEBEB4ECB}.Release|Any CPU.ActiveCfg = Release|Any CPU
		{2DDAFD7C-69CB-4449-870E-307DEBEB4ECB}.Release|Any CPU.Build.0 = Release|Any CPU
		{907BD8D7-C011-43C6-83EF-C2F48EB4B668}.Debug|Any CPU.ActiveCfg = Debug|Any CPU
		{907BD8D7-C011-43C6-83EF-C2F48EB4B668}.Debug|Any CPU.Build.0 = Debug|Any CPU
		{907BD8D7-C011-43C6-83EF-C2F48EB4B668}.Release|Any CPU.ActiveCfg = Release|Any CPU
		{907BD8D7-C011-43C6-83EF-C2F48EB4B668}.Release|Any CPU.Build.0 = Release|Any CPU
		{DEC5B73B-C772-4035-A21F-B31C5D9AC1FF}.Debug|Any CPU.ActiveCfg = Debug|Any CPU
		{DEC5B73B-C772-4035-A21F-B31C5D9AC1FF}.Debug|Any CPU.Build.0 = Debug|Any CPU
		{DEC5B73B-C772-4035-A21F-B31C5D9AC1FF}.Release|Any CPU.ActiveCfg = Release|Any CPU
		{DEC5B73B-C772-4035-A21F-B31C5D9AC1FF}.Release|Any CPU.Build.0 = Release|Any CPU
		{A099CE1C-DF32-4AE8-91AD-9125627958FC}.Debug|Any CPU.ActiveCfg = Debug|Any CPU
		{A099CE1C-DF32-4AE8-91AD-9125627958FC}.Debug|Any CPU.Build.0 = Debug|Any CPU
		{A099CE1C-DF32-4AE8-91AD-9125627958FC}.Release|Any CPU.ActiveCfg = Release|Any CPU
		{A099CE1C-DF32-4AE8-91AD-9125627958FC}.Release|Any CPU.Build.0 = Release|Any CPU
		{99969CEC-BDED-46AB-9853-5CC96799E42E}.Debug|Any CPU.ActiveCfg = Debug|Any CPU
		{99969CEC-BDED-46AB-9853-5CC96799E42E}.Debug|Any CPU.Build.0 = Debug|Any CPU
		{99969CEC-BDED-46AB-9853-5CC96799E42E}.Release|Any CPU.ActiveCfg = Release|Any CPU
		{99969CEC-BDED-46AB-9853-5CC96799E42E}.Release|Any CPU.Build.0 = Release|Any CPU
		{D4F458DC-F8B3-4F51-AA3F-3A95FA822F13}.Debug|Any CPU.ActiveCfg = Debug|Any CPU
		{D4F458DC-F8B3-4F51-AA3F-3A95FA822F13}.Debug|Any CPU.Build.0 = Debug|Any CPU
		{D4F458DC-F8B3-4F51-AA3F-3A95FA822F13}.Release|Any CPU.ActiveCfg = Release|Any CPU
		{D4F458DC-F8B3-4F51-AA3F-3A95FA822F13}.Release|Any CPU.Build.0 = Release|Any CPU
		{61DF4ABC-9F43-4F24-B24D-051126E51840}.Debug|Any CPU.ActiveCfg = Debug|Any CPU
		{61DF4ABC-9F43-4F24-B24D-051126E51840}.Debug|Any CPU.Build.0 = Debug|Any CPU
		{61DF4ABC-9F43-4F24-B24D-051126E51840}.Release|Any CPU.ActiveCfg = Release|Any CPU
		{61DF4ABC-9F43-4F24-B24D-051126E51840}.Release|Any CPU.Build.0 = Release|Any CPU
		{3C4EB2D6-4B3F-409B-A1D2-2F2862FBAD9A}.Debug|Any CPU.ActiveCfg = Debug|Any CPU
		{3C4EB2D6-4B3F-409B-A1D2-2F2862FBAD9A}.Debug|Any CPU.Build.0 = Debug|Any CPU
		{3C4EB2D6-4B3F-409B-A1D2-2F2862FBAD9A}.Release|Any CPU.ActiveCfg = Release|Any CPU
		{3C4EB2D6-4B3F-409B-A1D2-2F2862FBAD9A}.Release|Any CPU.Build.0 = Release|Any CPU
		{CA97343E-A104-4847-AB03-5CD8B476ADD7}.Debug|Any CPU.ActiveCfg = Debug|Any CPU
		{CA97343E-A104-4847-AB03-5CD8B476ADD7}.Debug|Any CPU.Build.0 = Debug|Any CPU
		{CA97343E-A104-4847-AB03-5CD8B476ADD7}.Release|Any CPU.ActiveCfg = Release|Any CPU
		{CA97343E-A104-4847-AB03-5CD8B476ADD7}.Release|Any CPU.Build.0 = Release|Any CPU
		{36620DF9-4A48-4B18-8C09-89495A1EDEA7}.Debug|Any CPU.ActiveCfg = Debug|Any CPU
		{36620DF9-4A48-4B18-8C09-89495A1EDEA7}.Debug|Any CPU.Build.0 = Debug|Any CPU
		{36620DF9-4A48-4B18-8C09-89495A1EDEA7}.Release|Any CPU.ActiveCfg = Release|Any CPU
		{36620DF9-4A48-4B18-8C09-89495A1EDEA7}.Release|Any CPU.Build.0 = Release|Any CPU
		{3485C9FD-3E0E-4216-BE54-9F683911F638}.Debug|Any CPU.ActiveCfg = Debug|Any CPU
		{3485C9FD-3E0E-4216-BE54-9F683911F638}.Debug|Any CPU.Build.0 = Debug|Any CPU
		{3485C9FD-3E0E-4216-BE54-9F683911F638}.Release|Any CPU.ActiveCfg = Release|Any CPU
		{3485C9FD-3E0E-4216-BE54-9F683911F638}.Release|Any CPU.Build.0 = Release|Any CPU
		{4F7DFA93-08D8-4331-A862-DB6A3A7BC6EF}.Debug|Any CPU.ActiveCfg = Debug|Any CPU
		{4F7DFA93-08D8-4331-A862-DB6A3A7BC6EF}.Debug|Any CPU.Build.0 = Debug|Any CPU
		{4F7DFA93-08D8-4331-A862-DB6A3A7BC6EF}.Release|Any CPU.ActiveCfg = Release|Any CPU
		{4F7DFA93-08D8-4331-A862-DB6A3A7BC6EF}.Release|Any CPU.Build.0 = Release|Any CPU
		{95371DC6-4ADA-4830-9418-1700CB2102A2}.Debug|Any CPU.ActiveCfg = Debug|Any CPU
		{95371DC6-4ADA-4830-9418-1700CB2102A2}.Debug|Any CPU.Build.0 = Debug|Any CPU
		{95371DC6-4ADA-4830-9418-1700CB2102A2}.Release|Any CPU.ActiveCfg = Release|Any CPU
		{95371DC6-4ADA-4830-9418-1700CB2102A2}.Release|Any CPU.Build.0 = Release|Any CPU
		{2C3AC961-728C-452E-BD05-A8100DE0E476}.Debug|Any CPU.ActiveCfg = Debug|Any CPU
		{2C3AC961-728C-452E-BD05-A8100DE0E476}.Debug|Any CPU.Build.0 = Debug|Any CPU
		{2C3AC961-728C-452E-BD05-A8100DE0E476}.Release|Any CPU.ActiveCfg = Release|Any CPU
		{2C3AC961-728C-452E-BD05-A8100DE0E476}.Release|Any CPU.Build.0 = Release|Any CPU
		{6CAB8EC0-0F9F-45EB-AA69-07B9EDB6BA56}.Debug|Any CPU.ActiveCfg = Debug|Any CPU
		{6CAB8EC0-0F9F-45EB-AA69-07B9EDB6BA56}.Debug|Any CPU.Build.0 = Debug|Any CPU
		{6CAB8EC0-0F9F-45EB-AA69-07B9EDB6BA56}.Release|Any CPU.ActiveCfg = Release|Any CPU
		{6CAB8EC0-0F9F-45EB-AA69-07B9EDB6BA56}.Release|Any CPU.Build.0 = Release|Any CPU
		{53BCBECB-A9B3-4B49-98CD-BF1C775F26CE}.Debug|Any CPU.ActiveCfg = Debug|Any CPU
		{53BCBECB-A9B3-4B49-98CD-BF1C775F26CE}.Debug|Any CPU.Build.0 = Debug|Any CPU
		{53BCBECB-A9B3-4B49-98CD-BF1C775F26CE}.Release|Any CPU.ActiveCfg = Release|Any CPU
		{53BCBECB-A9B3-4B49-98CD-BF1C775F26CE}.Release|Any CPU.Build.0 = Release|Any CPU
		{C2CA1464-CA3C-4913-9184-F69F72960362}.Debug|Any CPU.ActiveCfg = Debug|Any CPU
		{C2CA1464-CA3C-4913-9184-F69F72960362}.Debug|Any CPU.Build.0 = Debug|Any CPU
		{C2CA1464-CA3C-4913-9184-F69F72960362}.Release|Any CPU.ActiveCfg = Release|Any CPU
		{C2CA1464-CA3C-4913-9184-F69F72960362}.Release|Any CPU.Build.0 = Release|Any CPU
	EndGlobalSection
	GlobalSection(SolutionProperties) = preSolution
		HideSolutionNode = FALSE
	EndGlobalSection
	GlobalSection(ExtensibilityGlobals) = postSolution
		SolutionGuid = {B2CC4651-6256-47F0-AA41-7ED98BBEA96F}
	EndGlobalSection
EndGlobal
